
Microsoft Visual Studio Solution File, Format Version 12.00
# Visual Studio Version 17
VisualStudioVersion = 17.13.35818.85 d17.13
MinimumVisualStudioVersion = 10.0.40219.1
Project("{FAE04EC0-301F-11D3-BF4B-00C04F79EFBC}") = "TPMod4_103022300017", "TPMod4_103022300017\TPMod4_103022300017.csproj", "{CAAF74D3-76D2-49A7-B714-7B0B02E9BF1C}"
EndProject
Global
	GlobalSection(SolutionConfigurationPlatforms) = preSolution
		Debug|Any CPU = Debug|Any CPU
		Release|Any CPU = Release|Any CPU
	EndGlobalSection
	GlobalSection(ProjectConfigurationPlatforms) = postSolution
		{CAAF74D3-76D2-49A7-B714-7B0B02E9BF1C}.Debug|Any CPU.ActiveCfg = Debug|Any CPU
		{CAAF74D3-76D2-49A7-B714-7B0B02E9BF1C}.Debug|Any CPU.Build.0 = Debug|Any CPU
		{CAAF74D3-76D2-49A7-B714-7B0B02E9BF1C}.Release|Any CPU.ActiveCfg = Release|Any CPU
		{CAAF74D3-76D2-49A7-B714-7B0B02E9BF1C}.Release|Any CPU.Build.0 = Release|Any CPU
	EndGlobalSection
	GlobalSection(SolutionProperties) = preSolution
		HideSolutionNode = FALSE
	EndGlobalSection
	GlobalSection(ExtensibilityGlobals) = postSolution
		SolutionGuid = {19FAB10F-C76B-4FB0-A31F-FA6FE4DA409C}
	EndGlobalSection
EndGlobal
